
Microsoft Visual Studio Solution File, Format Version 12.00
# Visual Studio Version 16
VisualStudioVersion = 16.0.31129.286
MinimumVisualStudioVersion = 10.0.40219.1
Project("{9A19103F-16F7-4668-BE54-9A1E7A4F7556}") = "ToricCalculator.WebApi", "ToricCalculator.WebApi\ToricCalculator.WebApi.csproj", "{07729F7E-A758-497C-9D9B-F2FE344B5F17}"
EndProject
Project("{9A19103F-16F7-4668-BE54-9A1E7A4F7556}") = "ToricCalculator", "ToricCalculator\ToricCalculator.csproj", "{84229E8F-79AA-4C26-B55F-11DFD69CA54A}"
EndProject
Project("{9A19103F-16F7-4668-BE54-9A1E7A4F7556}") = "ToricCalculator.Service", "ToricCalculator.Service\ToricCalculator.Service.csproj", "{6FEFB0EE-7C9D-44C0-9183-DEDC556EEE47}"
EndProject
Project("{9A19103F-16F7-4668-BE54-9A1E7A4F7556}") = "ToricCalculator.Cms", "ToricCalculator.Cms\ToricCalculator.Cms.csproj", "{E2E9CA42-2B04-497F-BFAC-3FCFDF7A7473}"
EndProject
Global
	GlobalSection(SolutionConfigurationPlatforms) = preSolution
		Debug|Any CPU = Debug|Any CPU
		Release|Any CPU = Release|Any CPU
	EndGlobalSection
	GlobalSection(ProjectConfigurationPlatforms) = postSolution
		{07729F7E-A758-497C-9D9B-F2FE344B5F17}.Debug|Any CPU.ActiveCfg = Debug|Any CPU
		{07729F7E-A758-497C-9D9B-F2FE344B5F17}.Debug|Any CPU.Build.0 = Debug|Any CPU
		{07729F7E-A758-497C-9D9B-F2FE344B5F17}.Release|Any CPU.ActiveCfg = Release|Any CPU
		{07729F7E-A758-497C-9D9B-F2FE344B5F17}.Release|Any CPU.Build.0 = Release|Any CPU
		{84229E8F-79AA-4C26-B55F-11DFD69CA54A}.Debug|Any CPU.ActiveCfg = Debug|Any CPU
		{84229E8F-79AA-4C26-B55F-11DFD69CA54A}.Debug|Any CPU.Build.0 = Debug|Any CPU
		{84229E8F-79AA-4C26-B55F-11DFD69CA54A}.Release|Any CPU.ActiveCfg = Release|Any CPU
		{84229E8F-79AA-4C26-B55F-11DFD69CA54A}.Release|Any CPU.Build.0 = Release|Any CPU
		{6FEFB0EE-7C9D-44C0-9183-DEDC556EEE47}.Debug|Any CPU.ActiveCfg = Debug|Any CPU
		{6FEFB0EE-7C9D-44C0-9183-DEDC556EEE47}.Debug|Any CPU.Build.0 = Debug|Any CPU
		{6FEFB0EE-7C9D-44C0-9183-DEDC556EEE47}.Release|Any CPU.ActiveCfg = Release|Any CPU
		{6FEFB0EE-7C9D-44C0-9183-DEDC556EEE47}.Release|Any CPU.Build.0 = Release|Any CPU
		{E2E9CA42-2B04-497F-BFAC-3FCFDF7A7473}.Debug|Any CPU.ActiveCfg = Debug|Any CPU
		{E2E9CA42-2B04-497F-BFAC-3FCFDF7A7473}.Debug|Any CPU.Build.0 = Debug|Any CPU
		{E2E9CA42-2B04-497F-BFAC-3FCFDF7A7473}.Release|Any CPU.ActiveCfg = Release|Any CPU
		{E2E9CA42-2B04-497F-BFAC-3FCFDF7A7473}.Release|Any CPU.Build.0 = Release|Any CPU
	EndGlobalSection
	GlobalSection(SolutionProperties) = preSolution
		HideSolutionNode = FALSE
	EndGlobalSection
	GlobalSection(ExtensibilityGlobals) = postSolution
		SolutionGuid = {DD44B74B-9606-4E2F-AE56-0C1179E37A02}
	EndGlobalSection
EndGlobal
